
Microsoft Visual Studio Solution File, Format Version 12.00
# Visual Studio Version 16
VisualStudioVersion = 16.0.30309.148
MinimumVisualStudioVersion = 10.0.40219.1
Project("{2150E333-8FDC-42A3-9474-1A3956D46DE8}") = "Solution Items", "Solution Items", "{5C5727E7-0CFF-42B4-8F5A-D31B3BC81F21}"
	ProjectSection(SolutionItems) = preProject
		.gitignore = .gitignore
	EndProjectSection
EndProject
Project("{8BC9CEB8-8B4A-11D0-8D11-00A0C91BC942}") = "nitro-c", "modules\c\nitro-c.vcxproj", "{F06550AD-CFC7-40B8-8727-6C82C69A8982}"
EndProject
Project("{8BC9CEB8-8B4A-11D0-8D11-00A0C91BC942}") = "nitro-c++", "modules\c++\nitro-c++.vcxproj", "{8F357A19-799E-4971-850E-3F28485C130B}"
EndProject
Global
	GlobalSection(SolutionConfigurationPlatforms) = preSolution
		Debug|x64 = Debug|x64
		Debug|x86 = Debug|x86
		Release|x64 = Release|x64
		Release|x86 = Release|x86
	EndGlobalSection
	GlobalSection(ProjectConfigurationPlatforms) = postSolution
		{F06550AD-CFC7-40B8-8727-6C82C69A8982}.Debug|x64.ActiveCfg = Debug|x64
		{F06550AD-CFC7-40B8-8727-6C82C69A8982}.Debug|x64.Build.0 = Debug|x64
		{F06550AD-CFC7-40B8-8727-6C82C69A8982}.Debug|x86.ActiveCfg = Debug|Win32
		{F06550AD-CFC7-40B8-8727-6C82C69A8982}.Debug|x86.Build.0 = Debug|Win32
		{F06550AD-CFC7-40B8-8727-6C82C69A8982}.Release|x64.ActiveCfg = Release|x64
		{F06550AD-CFC7-40B8-8727-6C82C69A8982}.Release|x64.Build.0 = Release|x64
		{F06550AD-CFC7-40B8-8727-6C82C69A8982}.Release|x86.ActiveCfg = Release|Win32
		{F06550AD-CFC7-40B8-8727-6C82C69A8982}.Release|x86.Build.0 = Release|Win32
		{8F357A19-799E-4971-850E-3F28485C130B}.Debug|x64.ActiveCfg = Debug|x64
		{8F357A19-799E-4971-850E-3F28485C130B}.Debug|x64.Build.0 = Debug|x64
		{8F357A19-799E-4971-850E-3F28485C130B}.Debug|x86.ActiveCfg = Debug|Win32
		{8F357A19-799E-4971-850E-3F28485C130B}.Debug|x86.Build.0 = Debug|Win32
		{8F357A19-799E-4971-850E-3F28485C130B}.Release|x64.ActiveCfg = Release|x64
		{8F357A19-799E-4971-850E-3F28485C130B}.Release|x64.Build.0 = Release|x64
		{8F357A19-799E-4971-850E-3F28485C130B}.Release|x86.ActiveCfg = Release|Win32
		{8F357A19-799E-4971-850E-3F28485C130B}.Release|x86.Build.0 = Release|Win32
	EndGlobalSection
	GlobalSection(SolutionProperties) = preSolution
		HideSolutionNode = FALSE
	EndGlobalSection
	GlobalSection(ExtensibilityGlobals) = postSolution
		SolutionGuid = {2D7AC542-BBB6-4BAC-8BF1-7E76C714BBA4}
	EndGlobalSection
EndGlobal
