<?xml version="1.0" encoding="utf-8"?>
<Project ToolsVersion="4.0" xmlns="http://schemas.microsoft.com/developer/msbuild/2003">
  <ItemGroup>
    <Filter Include="nrt">
      <UniqueIdentifier>{d6b8959a-344d-4af2-b926-05be973609a4}</UniqueIdentifier>
    </Filter>
  </ItemGroup>
  <ItemGroup>
    <ClCompile Include="nrt.cpp">
      <Filter>nrt</Filter>
    </ClCompile>
    <ClCompile Include="pch.cpp" />
    <ClCompile Include="..\modules\c\nrt\unittests\test_utils.c">
      <Filter>nrt</Filter>
    </ClCompile>
    <ClCompile Include="CppUnitTestAssert.cpp" />
  </ItemGroup>
  <ItemGroup>
    <ClInclude Include="pch.h" />
    <ClInclude Include="TestCase.h" />
    <ClInclude Include="Test.h" />
  </ItemGroup>
</Project>