<?xml version="1.0" encoding="utf-8"?>
<Project ToolsVersion="4.0" xmlns="http://schemas.microsoft.com/developer/msbuild/2003">
  <ItemGroup>
    <Filter Include="nrt">
      <UniqueIdentifier>{d6b8959a-344d-4af2-b926-05be973609a4}</UniqueIdentifier>
    </Filter>
    <Filter Include="nitf-c">
      <UniqueIdentifier>{a03980e8-d43d-473b-9f2a-a883ddd94df0}</UniqueIdentifier>
    </Filter>
  </ItemGroup>
  <ItemGroup>
    <ClCompile Include="nrt.cpp">
      <Filter>nrt</Filter>
    </ClCompile>
    <ClCompile Include="pch.cpp" />
    <ClCompile Include="..\modules\c\nrt\unittests\test_utils.c">
      <Filter>nrt</Filter>
    </ClCompile>
    <ClCompile Include="CppUnitTestAssert.cpp" />
    <ClCompile Include="..\modules\c\nrt\unittests\test_buffer_adapter.c">
      <Filter>nrt</Filter>
    </ClCompile>
    <ClCompile Include="..\modules\c\nrt\unittests\test_core_values.c">
      <Filter>nrt</Filter>
    </ClCompile>
    <ClCompile Include="..\modules\c\nrt\unittests\test_list.c">
      <Filter>nrt</Filter>
    </ClCompile>
    <ClCompile Include="..\modules\c\nrt\unittests\test_nrt_byte_swap.c">
      <Filter>nrt</Filter>
    </ClCompile>
    <ClCompile Include="..\modules\c\nrt\unittests\test_nrt_datetime.c">
      <Filter>nrt</Filter>
    </ClCompile>
    <ClCompile Include="..\modules\c\nrt\unittests\test_tree.c">
      <Filter>nrt</Filter>
    </ClCompile>
    <ClCompile Include="nitf-c.cpp">
      <Filter>nitf-c</Filter>
    </ClCompile>
    <ClCompile Include="..\modules\c\nitf\unittests\test_create.c">
      <Filter>nitf-c</Filter>
    </ClCompile>
    <ClCompile Include="..\modules\c\nitf\unittests\test_create_nitf.c">
      <Filter>nitf-c</Filter>
    </ClCompile>
    <ClCompile Include="..\modules\c\nitf\unittests\test_field.c">
      <Filter>nitf-c</Filter>
    </ClCompile>
    <ClCompile Include="..\modules\c\nitf\unittests\test_geo_utils.c">
      <Filter>nitf-c</Filter>
    </ClCompile>
    <ClCompile Include="..\modules\c\nitf\unittests\test_image_io.c">
      <Filter>nitf-c</Filter>
    </ClCompile>
    <ClCompile Include="..\modules\c\nitf\unittests\test_mem_source.c">
      <Filter>nitf-c</Filter>
    </ClCompile>
    <ClCompile Include="..\modules\c\nitf\unittests\test_moveTREs.c">
      <Filter>nitf-c</Filter>
    </ClCompile>
    <ClCompile Include="..\modules\c\nitf\unittests\test_zero_field.c">
      <Filter>nitf-c</Filter>
    </ClCompile>
  </ItemGroup>
  <ItemGroup>
    <ClInclude Include="pch.h" />
    <ClInclude Include="TestCase.h" />
    <ClInclude Include="Test.h" />
  </ItemGroup>
</Project>